
Microsoft Visual Studio Solution File, Format Version 12.00
# Visual Studio 15
VisualStudioVersion = 15.0.28010.2019
MinimumVisualStudioVersion = 10.0.40219.1
Project("{9A19103F-16F7-4668-BE54-9A1E7A4F7556}") = "Apparition", "Apparition\Apparition.csproj", "{5DC2E8DC-E75E-4B10-9AEF-62A9C94E228D}"
EndProject
Project("{9A19103F-16F7-4668-BE54-9A1E7A4F7556}") = "MiNET", "..\MiNET\Test\MiNET\src\MiNET\MiNET\MiNET.csproj", "{408144C0-3AC5-4C10-8183-D9FD2FB61846}"
EndProject
Global
	GlobalSection(SolutionConfigurationPlatforms) = preSolution
		Debug|Any CPU = Debug|Any CPU
		Release|Any CPU = Release|Any CPU
		Test|Any CPU = Test|Any CPU
	EndGlobalSection
	GlobalSection(ProjectConfigurationPlatforms) = postSolution
		{5DC2E8DC-E75E-4B10-9AEF-62A9C94E228D}.Debug|Any CPU.ActiveCfg = Debug|Any CPU
		{5DC2E8DC-E75E-4B10-9AEF-62A9C94E228D}.Debug|Any CPU.Build.0 = Debug|Any CPU
		{5DC2E8DC-E75E-4B10-9AEF-62A9C94E228D}.Release|Any CPU.ActiveCfg = Release|Any CPU
		{5DC2E8DC-E75E-4B10-9AEF-62A9C94E228D}.Release|Any CPU.Build.0 = Release|Any CPU
		{5DC2E8DC-E75E-4B10-9AEF-62A9C94E228D}.Test|Any CPU.ActiveCfg = Release|Any CPU
		{5DC2E8DC-E75E-4B10-9AEF-62A9C94E228D}.Test|Any CPU.Build.0 = Release|Any CPU
		{408144C0-3AC5-4C10-8183-D9FD2FB61846}.Debug|Any CPU.ActiveCfg = Debug|Any CPU
		{408144C0-3AC5-4C10-8183-D9FD2FB61846}.Debug|Any CPU.Build.0 = Debug|Any CPU
		{408144C0-3AC5-4C10-8183-D9FD2FB61846}.Release|Any CPU.ActiveCfg = Release|Any CPU
		{408144C0-3AC5-4C10-8183-D9FD2FB61846}.Release|Any CPU.Build.0 = Release|Any CPU
		{408144C0-3AC5-4C10-8183-D9FD2FB61846}.Test|Any CPU.ActiveCfg = Test|Any CPU
		{408144C0-3AC5-4C10-8183-D9FD2FB61846}.Test|Any CPU.Build.0 = Test|Any CPU
	EndGlobalSection
	GlobalSection(SolutionProperties) = preSolution
		HideSolutionNode = FALSE
	EndGlobalSection
	GlobalSection(ExtensibilityGlobals) = postSolution
		SolutionGuid = {11259707-E534-4E62-B65A-614C38883382}
	EndGlobalSection
EndGlobal
